
Microsoft Visual Studio Solution File, Format Version 12.00
# Visual Studio Version 17
VisualStudioVersion = 17.14.36414.22 d17.14
MinimumVisualStudioVersion = 10.0.40219.1
Project("{FAE04EC0-301F-11D3-BF4B-00C04F79EFBC}") = "APIRESTful", "APIRESTful\APIRESTful.csproj", "{EA830514-42E5-45BD-B02E-693517211229}"
EndProject
Global
	GlobalSection(SolutionConfigurationPlatforms) = preSolution
		Debug|Any CPU = Debug|Any CPU
		Release|Any CPU = Release|Any CPU
	EndGlobalSection
	GlobalSection(ProjectConfigurationPlatforms) = postSolution
		{EA830514-42E5-45BD-B02E-693517211229}.Debug|Any CPU.ActiveCfg = Debug|Any CPU
		{EA830514-42E5-45BD-B02E-693517211229}.Debug|Any CPU.Build.0 = Debug|Any CPU
		{EA830514-42E5-45BD-B02E-693517211229}.Release|Any CPU.ActiveCfg = Release|Any CPU
		{EA830514-42E5-45BD-B02E-693517211229}.Release|Any CPU.Build.0 = Release|Any CPU
	EndGlobalSection
	GlobalSection(SolutionProperties) = preSolution
		HideSolutionNode = FALSE
	EndGlobalSection
	GlobalSection(ExtensibilityGlobals) = postSolution
		SolutionGuid = {374E76CE-C00D-41C2-B28B-04993DCCBAC4}
	EndGlobalSection
EndGlobal
